// !$*UTF8*$!
{
	archiveVersion = 1;
	classes = {
	};
	objectVersion = 50;
	objects = {

/* Begin PBXBuildFile section */
		FDE1886623F974730039176E /* AppDelegate.swift in Sources */ = {isa = PBXBuildFile; fileRef = FDE1886523F974730039176E /* AppDelegate.swift */; };
		FDE1886823F974730039176E /* SceneDelegate.swift in Sources */ = {isa = PBXBuildFile; fileRef = FDE1886723F974730039176E /* SceneDelegate.swift */; };
		FDE1886A23F974730039176E /* ViewController.swift in Sources */ = {isa = PBXBuildFile; fileRef = FDE1886923F974730039176E /* ViewController.swift */; };
		FDE1886D23F974730039176E /* Main.storyboard in Resources */ = {isa = PBXBuildFile; fileRef = FDE1886B23F974730039176E /* Main.storyboard */; };
		FDE1886F23F974740039176E /* Assets.xcassets in Resources */ = {isa = PBXBuildFile; fileRef = FDE1886E23F974740039176E /* Assets.xcassets */; };
		FDE1887223F974740039176E /* LaunchScreen.storyboard in Resources */ = {isa = PBXBuildFile; fileRef = FDE1887023F974740039176E /* LaunchScreen.storyboard */; };
		FDE1887D23F974750039176E /* WordListTests.swift in Sources */ = {isa = PBXBuildFile; fileRef = FDE1887C23F974750039176E /* WordListTests.swift */; };
		FDE1888823F974750039176E /* WordListUITests.swift in Sources */ = {isa = PBXBuildFile; fileRef = FDE1888723F974750039176E /* WordListUITests.swift */; };
		FDE1889923F9749E0039176E /* word_blank.png in Resources */ = {isa = PBXBuildFile; fileRef = FDE1889623F9749E0039176E /* word_blank.png */; };
		FDE1889A23F9749E0039176E /* fin.png in Resources */ = {isa = PBXBuildFile; fileRef = FDE1889723F9749E0039176E /* fin.png */; };
		FDE1889B23F9749E0039176E /* title_logo.png in Resources */ = {isa = PBXBuildFile; fileRef = FDE1889823F9749E0039176E /* title_logo.png */; };
		FDE1889D23F97CA70039176E /* QuestionViewController.swift in Sources */ = {isa = PBXBuildFile; fileRef = FDE1889C23F97CA70039176E /* QuestionViewController.swift */; };
		FDE1889F23F97CB80039176E /* FinishViewController.swift in Sources */ = {isa = PBXBuildFile; fileRef = FDE1889E23F97CB80039176E /* FinishViewController.swift */; };
		FDE188A323F97CE00039176E /* AddViewController.swift in Sources */ = {isa = PBXBuildFile; fileRef = FDE188A223F97CE00039176E /* AddViewController.swift */; };
		FDE188A723F9AE210039176E /* ListTableViewController.swift in Sources */ = {isa = PBXBuildFile; fileRef = FDE188A623F9AE210039176E /* ListTableViewController.swift */; };
		FDE188A923F9AF290039176E /* ListTableViewCell.swift in Sources */ = {isa = PBXBuildFile; fileRef = FDE188A823F9AF290039176E /* ListTableViewCell.swift */; };
/* End PBXBuildFile section */

/* Begin PBXContainerItemProxy section */
		FDE1887923F974750039176E /* PBXContainerItemProxy */ = {
			isa = PBXContainerItemProxy;
			containerPortal = FDE1885A23F974730039176E /* Project object */;
			proxyType = 1;
			remoteGlobalIDString = FDE1886123F974730039176E;
			remoteInfo = WordList;
		};
		FDE1888423F974750039176E /* PBXContainerItemProxy */ = {
			isa = PBXContainerItemProxy;
			containerPortal = FDE1885A23F974730039176E /* Project object */;
			proxyType = 1;
			remoteGlobalIDString = FDE1886123F974730039176E;
			remoteInfo = WordList;
		};
/* End PBXContainerItemProxy section */

/* Begin PBXFileReference section */
		FDE1886223F974730039176E /* WordList.app */ = {isa = PBXFileReference; explicitFileType = wrapper.application; includeInIndex = 0; path = WordList.app; sourceTree = BUILT_PRODUCTS_DIR; };
		FDE1886523F974730039176E /* AppDelegate.swift */ = {isa = PBXFileReference; lastKnownFileType = sourcecode.swift; path = AppDelegate.swift; sourceTree = "<group>"; };
		FDE1886723F974730039176E /* SceneDelegate.swift */ = {isa = PBXFileReference; lastKnownFileType = sourcecode.swift; path = SceneDelegate.swift; sourceTree = "<group>"; };
		FDE1886923F974730039176E /* ViewController.swift */ = {isa = PBXFileReference; lastKnownFileType = sourcecode.swift; path = ViewController.swift; sourceTree = "<group>"; };
		FDE1886C23F974730039176E /* Base */ = {isa = PBXFileReference; lastKnownFileType = file.storyboard; name = Base; path = Base.lproj/Main.storyboard; sourceTree = "<group>"; };
		FDE1886E23F974740039176E /* Assets.xcassets */ = {isa = PBXFileReference; lastKnownFileType = folder.assetcatalog; path = Assets.xcassets; sourceTree = "<group>"; };
		FDE1887123F974740039176E /* Base */ = {isa = PBXFileReference; lastKnownFileType = file.storyboard; name = Base; path = Base.lproj/LaunchScreen.storyboard; sourceTree = "<group>"; };
		FDE1887323F974740039176E /* Info.plist */ = {isa = PBXFileReference; lastKnownFileType = text.plist.xml; path = Info.plist; sourceTree = "<group>"; };
		FDE1887823F974750039176E /* WordListTests.xctest */ = {isa = PBXFileReference; explicitFileType = wrapper.cfbundle; includeInIndex = 0; path = WordListTests.xctest; sourceTree = BUILT_PRODUCTS_DIR; };
		FDE1887C23F974750039176E /* WordListTests.swift */ = {isa = PBXFileReference; lastKnownFileType = sourcecode.swift; path = WordListTests.swift; sourceTree = "<group>"; };
		FDE1887E23F974750039176E /* Info.plist */ = {isa = PBXFileReference; lastKnownFileType = text.plist.xml; path = Info.plist; sourceTree = "<group>"; };
		FDE1888323F974750039176E /* WordListUITests.xctest */ = {isa = PBXFileReference; explicitFileType = wrapper.cfbundle; includeInIndex = 0; path = WordListUITests.xctest; sourceTree = BUILT_PRODUCTS_DIR; };
		FDE1888723F974750039176E /* WordListUITests.swift */ = {isa = PBXFileReference; lastKnownFileType = sourcecode.swift; path = WordListUITests.swift; sourceTree = "<group>"; };
		FDE1888923F974750039176E /* Info.plist */ = {isa = PBXFileReference; lastKnownFileType = text.plist.xml; path = Info.plist; sourceTree = "<group>"; };
		FDE1889623F9749E0039176E /* word_blank.png */ = {isa = PBXFileReference; lastKnownFileType = image.png; path = word_blank.png; sourceTree = "<group>"; };
		FDE1889723F9749E0039176E /* fin.png */ = {isa = PBXFileReference; lastKnownFileType = image.png; path = fin.png; sourceTree = "<group>"; };
		FDE1889823F9749E0039176E /* title_logo.png */ = {isa = PBXFileReference; lastKnownFileType = image.png; path = title_logo.png; sourceTree = "<group>"; };
		FDE1889C23F97CA70039176E /* QuestionViewController.swift */ = {isa = PBXFileReference; lastKnownFileType = sourcecode.swift; path = QuestionViewController.swift; sourceTree = "<group>"; };
		FDE1889E23F97CB80039176E /* FinishViewController.swift */ = {isa = PBXFileReference; lastKnownFileType = sourcecode.swift; path = FinishViewController.swift; sourceTree = "<group>"; };
		FDE188A223F97CE00039176E /* AddViewController.swift */ = {isa = PBXFileReference; lastKnownFileType = sourcecode.swift; path = AddViewController.swift; sourceTree = "<group>"; };
		FDE188A623F9AE210039176E /* ListTableViewController.swift */ = {isa = PBXFileReference; lastKnownFileType = sourcecode.swift; path = ListTableViewController.swift; sourceTree = "<group>"; };
		FDE188A823F9AF290039176E /* ListTableViewCell.swift */ = {isa = PBXFileReference; lastKnownFileType = sourcecode.swift; path = ListTableViewCell.swift; sourceTree = "<group>"; };
/* End PBXFileReference section */

/* Begin PBXFrameworksBuildPhase section */
		FDE1885F23F974730039176E /* Frameworks */ = {
			isa = PBXFrameworksBuildPhase;
			buildActionMask = 2147483647;
			files = (
			);
			runOnlyForDeploymentPostprocessing = 0;
		};
		FDE1887523F974750039176E /* Frameworks */ = {
			isa = PBXFrameworksBuildPhase;
			buildActionMask = 2147483647;
			files = (
			);
			runOnlyForDeploymentPostprocessing = 0;
		};
		FDE1888023F974750039176E /* Frameworks */ = {
			isa = PBXFrameworksBuildPhase;
			buildActionMask = 2147483647;
			files = (
			);
			runOnlyForDeploymentPostprocessing = 0;
		};
/* End PBXFrameworksBuildPhase section */

/* Begin PBXGroup section */
		FDE1885923F974730039176E = {
			isa = PBXGroup;
			children = (
				FDE1886423F974730039176E /* WordList */,
				FDE1887B23F974750039176E /* WordListTests */,
				FDE1888623F974750039176E /* WordListUITests */,
				FDE1886323F974730039176E /* Products */,
			);
			sourceTree = "<group>";
		};
		FDE1886323F974730039176E /* Products */ = {
			isa = PBXGroup;
			children = (
				FDE1886223F974730039176E /* WordList.app */,
				FDE1887823F974750039176E /* WordListTests.xctest */,
				FDE1888323F974750039176E /* WordListUITests.xctest */,
			);
			name = Products;
			sourceTree = "<group>";
		};
		FDE1886423F974730039176E /* WordList */ = {
			isa = PBXGroup;
			children = (
				FDE1886523F974730039176E /* AppDelegate.swift */,
				FDE1886723F974730039176E /* SceneDelegate.swift */,
				FDE1886923F974730039176E /* ViewController.swift */,
				FDE1886B23F974730039176E /* Main.storyboard */,
				FDE1889523F9749E0039176E /* WordList素材 */,
				FDE1886E23F974740039176E /* Assets.xcassets */,
				FDE1887023F974740039176E /* LaunchScreen.storyboard */,
				FDE1887323F974740039176E /* Info.plist */,
				FDE1889C23F97CA70039176E /* QuestionViewController.swift */,
				FDE1889E23F97CB80039176E /* FinishViewController.swift */,
				FDE188A223F97CE00039176E /* AddViewController.swift */,
				FDE188A623F9AE210039176E /* ListTableViewController.swift */,
				FDE188A823F9AF290039176E /* ListTableViewCell.swift */,
			);
			path = WordList;
			sourceTree = "<group>";
		};
		FDE1887B23F974750039176E /* WordListTests */ = {
			isa = PBXGroup;
			children = (
				FDE1887C23F974750039176E /* WordListTests.swift */,
				FDE1887E23F974750039176E /* Info.plist */,
			);
			path = WordListTests;
			sourceTree = "<group>";
		};
		FDE1888623F974750039176E /* WordListUITests */ = {
			isa = PBXGroup;
			children = (
				FDE1888723F974750039176E /* WordListUITests.swift */,
				FDE1888923F974750039176E /* Info.plist */,
			);
			path = WordListUITests;
			sourceTree = "<group>";
		};
		FDE1889523F9749E0039176E /* WordList素材 */ = {
			isa = PBXGroup;
			children = (
				FDE1889623F9749E0039176E /* word_blank.png */,
				FDE1889723F9749E0039176E /* fin.png */,
				FDE1889823F9749E0039176E /* title_logo.png */,
			);
			path = "WordList素材";
			sourceTree = "<group>";
		};
/* End PBXGroup section */

/* Begin PBXNativeTarget section */
		FDE1886123F974730039176E /* WordList */ = {
			isa = PBXNativeTarget;
			buildConfigurationList = FDE1888C23F974750039176E /* Build configuration list for PBXNativeTarget "WordList" */;
			buildPhases = (
				FDE1885E23F974730039176E /* Sources */,
				FDE1885F23F974730039176E /* Frameworks */,
				FDE1886023F974730039176E /* Resources */,
			);
			buildRules = (
			);
			dependencies = (
			);
			name = WordList;
			productName = WordList;
			productReference = FDE1886223F974730039176E /* WordList.app */;
			productType = "com.apple.product-type.application";
		};
		FDE1887723F974750039176E /* WordListTests */ = {
			isa = PBXNativeTarget;
			buildConfigurationList = FDE1888F23F974750039176E /* Build configuration list for PBXNativeTarget "WordListTests" */;
			buildPhases = (
				FDE1887423F974750039176E /* Sources */,
				FDE1887523F974750039176E /* Frameworks */,
				FDE1887623F974750039176E /* Resources */,
			);
			buildRules = (
			);
			dependencies = (
				FDE1887A23F974750039176E /* PBXTargetDependency */,
			);
			name = WordListTests;
			productName = WordListTests;
			productReference = FDE1887823F974750039176E /* WordListTests.xctest */;
			productType = "com.apple.product-type.bundle.unit-test";
		};
		FDE1888223F974750039176E /* WordListUITests */ = {
			isa = PBXNativeTarget;
			buildConfigurationList = FDE1889223F974750039176E /* Build configuration list for PBXNativeTarget "WordListUITests" */;
			buildPhases = (
				FDE1887F23F974750039176E /* Sources */,
				FDE1888023F974750039176E /* Frameworks */,
				FDE1888123F974750039176E /* Resources */,
			);
			buildRules = (
			);
			dependencies = (
				FDE1888523F974750039176E /* PBXTargetDependency */,
			);
			name = WordListUITests;
			productName = WordListUITests;
			productReference = FDE1888323F974750039176E /* WordListUITests.xctest */;
			productType = "com.apple.product-type.bundle.ui-testing";
		};
/* End PBXNativeTarget section */

/* Begin PBXProject section */
		FDE1885A23F974730039176E /* Project object */ = {
			isa = PBXProject;
			attributes = {
				LastSwiftUpdateCheck = 1130;
				LastUpgradeCheck = 1130;
				ORGANIZATIONNAME = mycompany;
				TargetAttributes = {
					FDE1886123F974730039176E = {
						CreatedOnToolsVersion = 11.3.1;
					};
					FDE1887723F974750039176E = {
						CreatedOnToolsVersion = 11.3.1;
						TestTargetID = FDE1886123F974730039176E;
					};
					FDE1888223F974750039176E = {
						CreatedOnToolsVersion = 11.3.1;
						TestTargetID = FDE1886123F974730039176E;
					};
				};
			};
			buildConfigurationList = FDE1885D23F974730039176E /* Build configuration list for PBXProject "WordList" */;
			compatibilityVersion = "Xcode 9.3";
			developmentRegion = en;
			hasScannedForEncodings = 0;
			knownRegions = (
				en,
				Base,
			);
			mainGroup = FDE1885923F974730039176E;
			productRefGroup = FDE1886323F974730039176E /* Products */;
			projectDirPath = "";
			projectRoot = "";
			targets = (
				FDE1886123F974730039176E /* WordList */,
				FDE1887723F974750039176E /* WordListTests */,
				FDE1888223F974750039176E /* WordListUITests */,
			);
		};
/* End PBXProject section */

/* Begin PBXResourcesBuildPhase section */
		FDE1886023F974730039176E /* Resources */ = {
			isa = PBXResourcesBuildPhase;
			buildActionMask = 2147483647;
			files = (
				FDE1889923F9749E0039176E /* word_blank.png in Resources */,
				FDE1889B23F9749E0039176E /* title_logo.png in Resources */,
				FDE1887223F974740039176E /* LaunchScreen.storyboard in Resources */,
				FDE1886F23F974740039176E /* Assets.xcassets in Resources */,
				FDE1889A23F9749E0039176E /* fin.png in Resources */,
				FDE1886D23F974730039176E /* Main.storyboard in Resources */,
			);
			runOnlyForDeploymentPostprocessing = 0;
		};
		FDE1887623F974750039176E /* Resources */ = {
			isa = PBXResourcesBuildPhase;
			buildActionMask = 2147483647;
			files = (
			);
			runOnlyForDeploymentPostprocessing = 0;
		};
		FDE1888123F974750039176E /* Resources */ = {
			isa = PBXResourcesBuildPhase;
			buildActionMask = 2147483647;
			files = (
			);
			runOnlyForDeploymentPostprocessing = 0;
		};
/* End PBXResourcesBuildPhase section */

/* Begin PBXSourcesBuildPhase section */
		FDE1885E23F974730039176E /* Sources */ = {
			isa = PBXSourcesBuildPhase;
			buildActionMask = 2147483647;
			files = (
				FDE1889F23F97CB80039176E /* FinishViewController.swift in Sources */,
				FDE188A923F9AF290039176E /* ListTableViewCell.swift in Sources */,
				FDE1886A23F974730039176E /* ViewController.swift in Sources */,
				FDE188A323F97CE00039176E /* AddViewController.swift in Sources */,
				FDE1886623F974730039176E /* AppDelegate.swift in Sources */,
				FDE1889D23F97CA70039176E /* QuestionViewController.swift in Sources */,
				FDE1886823F974730039176E /* SceneDelegate.swift in Sources */,
				FDE188A723F9AE210039176E /* ListTableViewController.swift in Sources */,
			);
			runOnlyForDeploymentPostprocessing = 0;
		};
		FDE1887423F974750039176E /* Sources */ = {
			isa = PBXSourcesBuildPhase;
			buildActionMask = 2147483647;
			files = (
				FDE1887D23F974750039176E /* WordListTests.swift in Sources */,
			);
			runOnlyForDeploymentPostprocessing = 0;
		};
		FDE1887F23F974750039176E /* Sources */ = {
			isa = PBXSourcesBuildPhase;
			buildActionMask = 2147483647;
			files = (
				FDE1888823F974750039176E /* WordListUITests.swift in Sources */,
			);
			runOnlyForDeploymentPostprocessing = 0;
		};
/* End PBXSourcesBuildPhase section */

/* Begin PBXTargetDependency section */
		FDE1887A23F974750039176E /* PBXTargetDependency */ = {
			isa = PBXTargetDependency;
			target = FDE1886123F974730039176E /* WordList */;
			targetProxy = FDE1887923F974750039176E /* PBXContainerItemProxy */;
		};
		FDE1888523F974750039176E /* PBXTargetDependency */ = {
			isa = PBXTargetDependency;
			target = FDE1886123F974730039176E /* WordList */;
			targetProxy = FDE1888423F974750039176E /* PBXContainerItemProxy */;
		};
/* End PBXTargetDependency section */

/* Begin PBXVariantGroup section */
		FDE1886B23F974730039176E /* Main.storyboard */ = {
			isa = PBXVariantGroup;
			children = (
				FDE1886C23F974730039176E /* Base */,
			);
			name = Main.storyboard;
			sourceTree = "<group>";
		};
		FDE1887023F974740039176E /* LaunchScreen.storyboard */ = {
			isa = PBXVariantGroup;
			children = (
				FDE1887123F974740039176E /* Base */,
			);
			name = LaunchScreen.storyboard;
			sourceTree = "<group>";
		};
/* End PBXVariantGroup section */

/* Begin XCBuildConfiguration section */
		FDE1888A23F974750039176E /* Debug */ = {
			isa = XCBuildConfiguration;
			buildSettings = {
				ALWAYS_SEARCH_USER_PATHS = NO;
				CLANG_ANALYZER_NONNULL = YES;
				CLANG_ANALYZER_NUMBER_OBJECT_CONVERSION = YES_AGGRESSIVE;
				CLANG_CXX_LANGUAGE_STANDARD = "gnu++14";
				CLANG_CXX_LIBRARY = "libc++";
				CLANG_ENABLE_MODULES = YES;
				CLANG_ENABLE_OBJC_ARC = YES;
				CLANG_ENABLE_OBJC_WEAK = YES;
				CLANG_WARN_BLOCK_CAPTURE_AUTORELEASING = YES;
				CLANG_WARN_BOOL_CONVERSION = YES;
				CLANG_WARN_COMMA = YES;
				CLANG_WARN_CONSTANT_CONVERSION = YES;
				CLANG_WARN_DEPRECATED_OBJC_IMPLEMENTATIONS = YES;
				CLANG_WARN_DIRECT_OBJC_ISA_USAGE = YES_ERROR;
				CLANG_WARN_DOCUMENTATION_COMMENTS = YES;
				CLANG_WARN_EMPTY_BODY = YES;
				CLANG_WARN_ENUM_CONVERSION = YES;
				CLANG_WARN_INFINITE_RECURSION = YES;
				CLANG_WARN_INT_CONVERSION = YES;
				CLANG_WARN_NON_LITERAL_NULL_CONVERSION = YES;
				CLANG_WARN_OBJC_IMPLICIT_RETAIN_SELF = YES;
				CLANG_WARN_OBJC_LITERAL_CONVERSION = YES;
				CLANG_WARN_OBJC_ROOT_CLASS = YES_ERROR;
				CLANG_WARN_RANGE_LOOP_ANALYSIS = YES;
				CLANG_WARN_STRICT_PROTOTYPES = YES;
				CLANG_WARN_SUSPICIOUS_MOVE = YES;
				CLANG_WARN_UNGUARDED_AVAILABILITY = YES_AGGRESSIVE;
				CLANG_WARN_UNREACHABLE_CODE = YES;
				CLANG_WARN__DUPLICATE_METHOD_MATCH = YES;
				COPY_PHASE_STRIP = NO;
				DEBUG_INFORMATION_FORMAT = dwarf;
				ENABLE_STRICT_OBJC_MSGSEND = YES;
				ENABLE_TESTABILITY = YES;
				GCC_C_LANGUAGE_STANDARD = gnu11;
				GCC_DYNAMIC_NO_PIC = NO;
				GCC_NO_COMMON_BLOCKS = YES;
				GCC_OPTIMIZATION_LEVEL = 0;
				GCC_PREPROCESSOR_DEFINITIONS = (
					"DEBUG=1",
					"$(inherited)",
				);
				GCC_WARN_64_TO_32_BIT_CONVERSION = YES;
				GCC_WARN_ABOUT_RETURN_TYPE = YES_ERROR;
				GCC_WARN_UNDECLARED_SELECTOR = YES;
				GCC_WARN_UNINITIALIZED_AUTOS = YES_AGGRESSIVE;
				GCC_WARN_UNUSED_FUNCTION = YES;
				GCC_WARN_UNUSED_VARIABLE = YES;
				IPHONEOS_DEPLOYMENT_TARGET = 13.2;
				MTL_ENABLE_DEBUG_INFO = INCLUDE_SOURCE;
				MTL_FAST_MATH = YES;
				ONLY_ACTIVE_ARCH = YES;
				SDKROOT = iphoneos;
				SWIFT_ACTIVE_COMPILATION_CONDITIONS = DEBUG;
				SWIFT_OPTIMIZATION_LEVEL = "-Onone";
			};
			name = Debug;
		};
		FDE1888B23F974750039176E /* Release */ = {
			isa = XCBuildConfiguration;
			buildSettings = {
				ALWAYS_SEARCH_USER_PATHS = NO;
				CLANG_ANALYZER_NONNULL = YES;
				CLANG_ANALYZER_NUMBER_OBJECT_CONVERSION = YES_AGGRESSIVE;
				CLANG_CXX_LANGUAGE_STANDARD = "gnu++14";
				CLANG_CXX_LIBRARY = "libc++";
				CLANG_ENABLE_MODULES = YES;
				CLANG_ENABLE_OBJC_ARC = YES;
				CLANG_ENABLE_OBJC_WEAK = YES;
				CLANG_WARN_BLOCK_CAPTURE_AUTORELEASING = YES;
				CLANG_WARN_BOOL_CONVERSION = YES;
				CLANG_WARN_COMMA = YES;
				CLANG_WARN_CONSTANT_CONVERSION = YES;
				CLANG_WARN_DEPRECATED_OBJC_IMPLEMENTATIONS = YES;
				CLANG_WARN_DIRECT_OBJC_ISA_USAGE = YES_ERROR;
				CLANG_WARN_DOCUMENTATION_COMMENTS = YES;
				CLANG_WARN_EMPTY_BODY = YES;
				CLANG_WARN_ENUM_CONVERSION = YES;
				CLANG_WARN_INFINITE_RECURSION = YES;
				CLANG_WARN_INT_CONVERSION = YES;
				CLANG_WARN_NON_LITERAL_NULL_CONVERSION = YES;
				CLANG_WARN_OBJC_IMPLICIT_RETAIN_SELF = YES;
				CLANG_WARN_OBJC_LITERAL_CONVERSION = YES;
				CLANG_WARN_OBJC_ROOT_CLASS = YES_ERROR;
				CLANG_WARN_RANGE_LOOP_ANALYSIS = YES;
				CLANG_WARN_STRICT_PROTOTYPES = YES;
				CLANG_WARN_SUSPICIOUS_MOVE = YES;
				CLANG_WARN_UNGUARDED_AVAILABILITY = YES_AGGRESSIVE;
				CLANG_WARN_UNREACHABLE_CODE = YES;
				CLANG_WARN__DUPLICATE_METHOD_MATCH = YES;
				COPY_PHASE_STRIP = NO;
				DEBUG_INFORMATION_FORMAT = "dwarf-with-dsym";
				ENABLE_NS_ASSERTIONS = NO;
				ENABLE_STRICT_OBJC_MSGSEND = YES;
				GCC_C_LANGUAGE_STANDARD = gnu11;
				GCC_NO_COMMON_BLOCKS = YES;
				GCC_WARN_64_TO_32_BIT_CONVERSION = YES;
				GCC_WARN_ABOUT_RETURN_TYPE = YES_ERROR;
				GCC_WARN_UNDECLARED_SELECTOR = YES;
				GCC_WARN_UNINITIALIZED_AUTOS = YES_AGGRESSIVE;
				GCC_WARN_UNUSED_FUNCTION = YES;
				GCC_WARN_UNUSED_VARIABLE = YES;
				IPHONEOS_DEPLOYMENT_TARGET = 13.2;
				MTL_ENABLE_DEBUG_INFO = NO;
				MTL_FAST_MATH = YES;
				SDKROOT = iphoneos;
				SWIFT_COMPILATION_MODE = wholemodule;
				SWIFT_OPTIMIZATION_LEVEL = "-O";
				VALIDATE_PRODUCT = YES;
			};
			name = Release;
		};
		FDE1888D23F974750039176E /* Debug */ = {
			isa = XCBuildConfiguration;
			buildSettings = {
				ASSETCATALOG_COMPILER_APPICON_NAME = AppIcon;
				CODE_SIGN_STYLE = Automatic;
				INFOPLIST_FILE = WordList/Info.plist;
				LD_RUNPATH_SEARCH_PATHS = (
					"$(inherited)",
					"@executable_path/Frameworks",
				);
				PRODUCT_BUNDLE_IDENTIFIER = com.litech.WordList;
				PRODUCT_NAME = "$(TARGET_NAME)";
				SWIFT_VERSION = 5.0;
				TARGETED_DEVICE_FAMILY = "1,2";
			};
			name = Debug;
		};
		FDE1888E23F974750039176E /* Release */ = {
			isa = XCBuildConfiguration;
			buildSettings = {
				ASSETCATALOG_COMPILER_APPICON_NAME = AppIcon;
				CODE_SIGN_STYLE = Automatic;
				INFOPLIST_FILE = WordList/Info.plist;
				LD_RUNPATH_SEARCH_PATHS = (
					"$(inherited)",
					"@executable_path/Frameworks",
				);
				PRODUCT_BUNDLE_IDENTIFIER = com.litech.WordList;
				PRODUCT_NAME = "$(TARGET_NAME)";
				SWIFT_VERSION = 5.0;
				TARGETED_DEVICE_FAMILY = "1,2";
			};
			name = Release;
		};
		FDE1889023F974750039176E /* Debug */ = {
			isa = XCBuildConfiguration;
			buildSettings = {
				ALWAYS_EMBED_SWIFT_STANDARD_LIBRARIES = YES;
				BUNDLE_LOADER = "$(TEST_HOST)";
				CODE_SIGN_STYLE = Automatic;
				INFOPLIST_FILE = WordListTests/Info.plist;
				IPHONEOS_DEPLOYMENT_TARGET = 13.2;
				LD_RUNPATH_SEARCH_PATHS = (
					"$(inherited)",
					"@executable_path/Frameworks",
					"@loader_path/Frameworks",
				);
				PRODUCT_BUNDLE_IDENTIFIER = com.litech.WordListTests;
				PRODUCT_NAME = "$(TARGET_NAME)";
				SWIFT_VERSION = 5.0;
				TARGETED_DEVICE_FAMILY = "1,2";
				TEST_HOST = "$(BUILT_PRODUCTS_DIR)/WordList.app/WordList";
			};
			name = Debug;
		};
		FDE1889123F974750039176E /* Release */ = {
			isa = XCBuildConfiguration;
			buildSettings = {
				ALWAYS_EMBED_SWIFT_STANDARD_LIBRARIES = YES;
				BUNDLE_LOADER = "$(TEST_HOST)";
				CODE_SIGN_STYLE = Automatic;
				INFOPLIST_FILE = WordListTests/Info.plist;
				IPHONEOS_DEPLOYMENT_TARGET = 13.2;
				LD_RUNPATH_SEARCH_PATHS = (
					"$(inherited)",
					"@executable_path/Frameworks",
					"@loader_path/Frameworks",
				);
				PRODUCT_BUNDLE_IDENTIFIER = com.litech.WordListTests;
				PRODUCT_NAME = "$(TARGET_NAME)";
				SWIFT_VERSION = 5.0;
				TARGETED_DEVICE_FAMILY = "1,2";
				TEST_HOST = "$(BUILT_PRODUCTS_DIR)/WordList.app/WordList";
			};
			name = Release;
		};
		FDE1889323F974750039176E /* Debug */ = {
			isa = XCBuildConfiguration;
			buildSettings = {
				ALWAYS_EMBED_SWIFT_STANDARD_LIBRARIES = YES;
				CODE_SIGN_STYLE = Automatic;
				INFOPLIST_FILE = WordListUITests/Info.plist;
				LD_RUNPATH_SEARCH_PATHS = (
					"$(inherited)",
					"@executable_path/Frameworks",
					"@loader_path/Frameworks",
				);
				PRODUCT_BUNDLE_IDENTIFIER = com.litech.WordListUITests;
				PRODUCT_NAME = "$(TARGET_NAME)";
				SWIFT_VERSION = 5.0;
				TARGETED_DEVICE_FAMILY = "1,2";
				TEST_TARGET_NAME = WordList;
			};
			name = Debug;
		};
		FDE1889423F974750039176E /* Release */ = {
			isa = XCBuildConfiguration;
			buildSettings = {
				ALWAYS_EMBED_SWIFT_STANDARD_LIBRARIES = YES;
				CODE_SIGN_STYLE = Automatic;
				INFOPLIST_FILE = WordListUITests/Info.plist;
				LD_RUNPATH_SEARCH_PATHS = (
					"$(inherited)",
					"@executable_path/Frameworks",
					"@loader_path/Frameworks",
				);
				PRODUCT_BUNDLE_IDENTIFIER = com.litech.WordListUITests;
				PRODUCT_NAME = "$(TARGET_NAME)";
				SWIFT_VERSION = 5.0;
				TARGETED_DEVICE_FAMILY = "1,2";
				TEST_TARGET_NAME = WordList;
			};
			name = Release;
		};
/* End XCBuildConfiguration section */

/* Begin XCConfigurationList section */
		FDE1885D23F974730039176E /* Build configuration list for PBXProject "WordList" */ = {
			isa = XCConfigurationList;
			buildConfigurations = (
				FDE1888A23F974750039176E /* Debug */,
				FDE1888B23F974750039176E /* Release */,
			);
			defaultConfigurationIsVisible = 0;
			defaultConfigurationName = Release;
		};
		FDE1888C23F974750039176E /* Build configuration list for PBXNativeTarget "WordList" */ = {
			isa = XCConfigurationList;
			buildConfigurations = (
				FDE1888D23F974750039176E /* Debug */,
				FDE1888E23F974750039176E /* Release */,
			);
			defaultConfigurationIsVisible = 0;
			defaultConfigurationName = Release;
		};
		FDE1888F23F974750039176E /* Build configuration list for PBXNativeTarget "WordListTests" */ = {
			isa = XCConfigurationList;
			buildConfigurations = (
				FDE1889023F974750039176E /* Debug */,
				FDE1889123F974750039176E /* Release */,
			);
			defaultConfigurationIsVisible = 0;
			defaultConfigurationName = Release;
		};
		FDE1889223F974750039176E /* Build configuration list for PBXNativeTarget "WordListUITests" */ = {
			isa = XCConfigurationList;
			buildConfigurations = (
				FDE1889323F974750039176E /* Debug */,
				FDE1889423F974750039176E /* Release */,
			);
			defaultConfigurationIsVisible = 0;
			defaultConfigurationName = Release;
		};
/* End XCConfigurationList section */
	};
	rootObject = FDE1885A23F974730039176E /* Project object */;
}
